
Microsoft Visual Studio Solution File, Format Version 12.00
# Visual Studio Version 17
VisualStudioVersion = 17.9.34622.214
MinimumVisualStudioVersion = 10.0.40219.1
Project("{9A19103F-16F7-4668-BE54-9A1E7A4F7556}") = "patterns_test", "patterns_test\patterns_test.csproj", "{DF8EAC6A-4ABF-4C43-9354-BC0D630A0791}"
EndProject
Project("{9A19103F-16F7-4668-BE54-9A1E7A4F7556}") = "CoR", "CoR\CoR.csproj", "{C253A590-DB03-46E7-B1FA-3B4476C73566}"
EndProject
Project("{9A19103F-16F7-4668-BE54-9A1E7A4F7556}") = "Strategy", "Strategy\Strategy.csproj", "{0EF32E80-FB55-4D72-92B9-C3FA42DD4B46}"
EndProject
Project("{9A19103F-16F7-4668-BE54-9A1E7A4F7556}") = "Memento", "Momento\Memento.csproj", "{E7B3A7C1-DC0A-423B-8705-4AFF6070E1DD}"
EndProject
Project("{FAE04EC0-301F-11D3-BF4B-00C04F79EFBC}") = "Observer", "Observer\Observer.csproj", "{B04684BA-47D0-455D-84DB-DA85F2FB04A1}"
EndProject
Global
	GlobalSection(SolutionConfigurationPlatforms) = preSolution
		Debug|Any CPU = Debug|Any CPU
		Release|Any CPU = Release|Any CPU
	EndGlobalSection
	GlobalSection(ProjectConfigurationPlatforms) = postSolution
		{DF8EAC6A-4ABF-4C43-9354-BC0D630A0791}.Debug|Any CPU.ActiveCfg = Debug|Any CPU
		{DF8EAC6A-4ABF-4C43-9354-BC0D630A0791}.Debug|Any CPU.Build.0 = Debug|Any CPU
		{DF8EAC6A-4ABF-4C43-9354-BC0D630A0791}.Release|Any CPU.ActiveCfg = Release|Any CPU
		{DF8EAC6A-4ABF-4C43-9354-BC0D630A0791}.Release|Any CPU.Build.0 = Release|Any CPU
		{C253A590-DB03-46E7-B1FA-3B4476C73566}.Debug|Any CPU.ActiveCfg = Debug|Any CPU
		{C253A590-DB03-46E7-B1FA-3B4476C73566}.Debug|Any CPU.Build.0 = Debug|Any CPU
		{C253A590-DB03-46E7-B1FA-3B4476C73566}.Release|Any CPU.ActiveCfg = Release|Any CPU
		{C253A590-DB03-46E7-B1FA-3B4476C73566}.Release|Any CPU.Build.0 = Release|Any CPU
		{0EF32E80-FB55-4D72-92B9-C3FA42DD4B46}.Debug|Any CPU.ActiveCfg = Debug|Any CPU
		{0EF32E80-FB55-4D72-92B9-C3FA42DD4B46}.Debug|Any CPU.Build.0 = Debug|Any CPU
		{0EF32E80-FB55-4D72-92B9-C3FA42DD4B46}.Release|Any CPU.ActiveCfg = Release|Any CPU
		{0EF32E80-FB55-4D72-92B9-C3FA42DD4B46}.Release|Any CPU.Build.0 = Release|Any CPU
		{E7B3A7C1-DC0A-423B-8705-4AFF6070E1DD}.Debug|Any CPU.ActiveCfg = Debug|Any CPU
		{E7B3A7C1-DC0A-423B-8705-4AFF6070E1DD}.Debug|Any CPU.Build.0 = Debug|Any CPU
		{E7B3A7C1-DC0A-423B-8705-4AFF6070E1DD}.Release|Any CPU.ActiveCfg = Release|Any CPU
		{E7B3A7C1-DC0A-423B-8705-4AFF6070E1DD}.Release|Any CPU.Build.0 = Release|Any CPU
		{B04684BA-47D0-455D-84DB-DA85F2FB04A1}.Debug|Any CPU.ActiveCfg = Debug|Any CPU
		{B04684BA-47D0-455D-84DB-DA85F2FB04A1}.Debug|Any CPU.Build.0 = Debug|Any CPU
		{B04684BA-47D0-455D-84DB-DA85F2FB04A1}.Release|Any CPU.ActiveCfg = Release|Any CPU
		{B04684BA-47D0-455D-84DB-DA85F2FB04A1}.Release|Any CPU.Build.0 = Release|Any CPU
	EndGlobalSection
	GlobalSection(SolutionProperties) = preSolution
		HideSolutionNode = FALSE
	EndGlobalSection
	GlobalSection(ExtensibilityGlobals) = postSolution
		SolutionGuid = {798878E7-B7A6-4275-843D-36E40321AE2F}
	EndGlobalSection
EndGlobal
